
Microsoft Visual Studio Solution File, Format Version 12.00
# Visual Studio Version 17
VisualStudioVersion = 17.4.33213.308
MinimumVisualStudioVersion = 10.0.40219.1
Project("{9A19103F-16F7-4668-BE54-9A1E7A4F7556}") = "WebApplication", "WebApplication1\WebApplication.csproj", "{5981E979-D831-43C3-AAC3-83E2CAF17763}"
EndProject
Global
	GlobalSection(SolutionConfigurationPlatforms) = preSolution
		Debug|Any CPU = Debug|Any CPU
		Release|Any CPU = Release|Any CPU
	EndGlobalSection
	GlobalSection(ProjectConfigurationPlatforms) = postSolution
		{5981E979-D831-43C3-AAC3-83E2CAF17763}.Debug|Any CPU.ActiveCfg = Debug|Any CPU
		{5981E979-D831-43C3-AAC3-83E2CAF17763}.Debug|Any CPU.Build.0 = Debug|Any CPU
		{5981E979-D831-43C3-AAC3-83E2CAF17763}.Release|Any CPU.ActiveCfg = Release|Any CPU
		{5981E979-D831-43C3-AAC3-83E2CAF17763}.Release|Any CPU.Build.0 = Release|Any CPU
	EndGlobalSection
	GlobalSection(SolutionProperties) = preSolution
		HideSolutionNode = FALSE
	EndGlobalSection
	GlobalSection(ExtensibilityGlobals) = postSolution
		SolutionGuid = {6B0BECA9-D240-46FC-B3ED-DEF51D599696}
	EndGlobalSection
EndGlobal
